
Microsoft Visual Studio Solution File, Format Version 12.00
# Visual Studio 15
VisualStudioVersion = 15.0.28010.2046
MinimumVisualStudioVersion = 10.0.40219.1
Project("{FAE04EC0-301F-11D3-BF4B-00C04F79EFBC}") = "ThinningAlgorithms.WinForms", "ThinningAlgorithms.WinForms\ThinningAlgorithms.WinForms.csproj", "{CA293322-AFC5-4AE9-B68F-CFB5D60D90BC}"
EndProject
Global
	GlobalSection(SolutionConfigurationPlatforms) = preSolution
		Debug|Any CPU = Debug|Any CPU
		Release|Any CPU = Release|Any CPU
	EndGlobalSection
	GlobalSection(ProjectConfigurationPlatforms) = postSolution
		{CA293322-AFC5-4AE9-B68F-CFB5D60D90BC}.Debug|Any CPU.ActiveCfg = Debug|Any CPU
		{CA293322-AFC5-4AE9-B68F-CFB5D60D90BC}.Debug|Any CPU.Build.0 = Debug|Any CPU
		{CA293322-AFC5-4AE9-B68F-CFB5D60D90BC}.Release|Any CPU.ActiveCfg = Release|Any CPU
		{CA293322-AFC5-4AE9-B68F-CFB5D60D90BC}.Release|Any CPU.Build.0 = Release|Any CPU
	EndGlobalSection
	GlobalSection(SolutionProperties) = preSolution
		HideSolutionNode = FALSE
	EndGlobalSection
	GlobalSection(ExtensibilityGlobals) = postSolution
		SolutionGuid = {0857058A-AD59-4B28-949F-CAEA07285EC2}
	EndGlobalSection
EndGlobal
